
Microsoft Visual Studio Solution File, Format Version 12.00
Project("{FAE04EC0-301F-11D3-BF4B-00C04F79EFBC}") = "GrpcService", "Client\Client.csproj", "{32ADDC1C-4E30-4C7E-8F5F-6BB6AA1E4D53}"
EndProject
Project("{FAE04EC0-301F-11D3-BF4B-00C04F79EFBC}") = "Server", "Server\Server.csproj", "{CE4FDA91-A132-4342-8246-45E988EC2635}"
EndProject
Global
	GlobalSection(ProjectConfigurationPlatforms) = postSolution
		{32ADDC1C-4E30-4C7E-8F5F-6BB6AA1E4D53}.CPU|Any CPU.ActiveCfg = CPU|Any CPU
		{32ADDC1C-4E30-4C7E-8F5F-6BB6AA1E4D53}.CPU|Any CPU.Build.0 = CPU|Any CPU
		{CE4FDA91-A132-4342-8246-45E988EC2635}.CPU|Any CPU.ActiveCfg = CPU|Any CPU
		{CE4FDA91-A132-4342-8246-45E988EC2635}.CPU|Any CPU.Build.0 = CPU|Any CPU
	EndGlobalSection
	GlobalSection(SolutionConfigurationPlatforms) = preSolution
		CPU|Any CPU = CPU|Any CPU
	EndGlobalSection
EndGlobal
